
Microsoft Visual Studio Solution File, Format Version 12.00
# Visual Studio Version 16
VisualStudioVersion = 16.0.29409.12
MinimumVisualStudioVersion = 10.0.40219.1
Project("{FAE04EC0-301F-11D3-BF4B-00C04F79EFBC}") = "PheggMod", "PheggMod\PheggMod.csproj", "{79C1D5BF-DD69-4CC6-9487-1CD9ACA91C3B}"
EndProject
Project("{FAE04EC0-301F-11D3-BF4B-00C04F79EFBC}") = "ExamplePlugin", "ExamplePlugins\ExamplePlugin.csproj", "{4216CED2-A507-40F7-824C-F1A05686186C}"
EndProject
Project("{2150E333-8FDC-42A3-9474-1A3956D46DE8}") = "DiscordLab", "DiscordLab", "{BC2C6E37-6FEA-48E7-AF14-E7573EF439A9}"
EndProject
Project("{FAE04EC0-301F-11D3-BF4B-00C04F79EFBC}") = "DiscordLab", "DiscordLab\Plugin\DiscordLab.csproj", "{BA8A6F56-0A07-4EBA-9232-C5AD86E91076}"
EndProject
Project("{2150E333-8FDC-42A3-9474-1A3956D46DE8}") = "Bot", "Bot", "{9C17E867-DBB0-42D2-B8F7-3284216AE585}"
	ProjectSection(SolutionItems) = preProject
		DiscordLab\Bot\config.json = DiscordLab\Bot\config.json
		DiscordLab\Bot\DiscordLabBot.js = DiscordLab\Bot\DiscordLabBot.js
	EndProjectSection
EndProject
Project("{FAE04EC0-301F-11D3-BF4B-00C04F79EFBC}") = "AssemblyCSharp", "AssemblyCSharp\AssemblyCSharp.csproj", "{A565C1D7-772D-4E50-98AD-D11BCB034872}"
EndProject
Global
	GlobalSection(SolutionConfigurationPlatforms) = preSolution
		Debug|Any CPU = Debug|Any CPU
		Release|Any CPU = Release|Any CPU
	EndGlobalSection
	GlobalSection(ProjectConfigurationPlatforms) = postSolution
		{79C1D5BF-DD69-4CC6-9487-1CD9ACA91C3B}.Debug|Any CPU.ActiveCfg = Debug|Any CPU
		{79C1D5BF-DD69-4CC6-9487-1CD9ACA91C3B}.Debug|Any CPU.Build.0 = Debug|Any CPU
		{79C1D5BF-DD69-4CC6-9487-1CD9ACA91C3B}.Release|Any CPU.ActiveCfg = Release|Any CPU
		{79C1D5BF-DD69-4CC6-9487-1CD9ACA91C3B}.Release|Any CPU.Build.0 = Release|Any CPU
		{4216CED2-A507-40F7-824C-F1A05686186C}.Debug|Any CPU.ActiveCfg = Debug|Any CPU
		{4216CED2-A507-40F7-824C-F1A05686186C}.Debug|Any CPU.Build.0 = Debug|Any CPU
		{4216CED2-A507-40F7-824C-F1A05686186C}.Release|Any CPU.ActiveCfg = Release|Any CPU
		{4216CED2-A507-40F7-824C-F1A05686186C}.Release|Any CPU.Build.0 = Release|Any CPU
		{BA8A6F56-0A07-4EBA-9232-C5AD86E91076}.Debug|Any CPU.ActiveCfg = Debug|Any CPU
		{BA8A6F56-0A07-4EBA-9232-C5AD86E91076}.Debug|Any CPU.Build.0 = Debug|Any CPU
		{BA8A6F56-0A07-4EBA-9232-C5AD86E91076}.Release|Any CPU.ActiveCfg = Release|Any CPU
		{BA8A6F56-0A07-4EBA-9232-C5AD86E91076}.Release|Any CPU.Build.0 = Release|Any CPU
		{A565C1D7-772D-4E50-98AD-D11BCB034872}.Debug|Any CPU.ActiveCfg = Debug|Any CPU
		{A565C1D7-772D-4E50-98AD-D11BCB034872}.Debug|Any CPU.Build.0 = Debug|Any CPU
		{A565C1D7-772D-4E50-98AD-D11BCB034872}.Release|Any CPU.ActiveCfg = Release|Any CPU
		{A565C1D7-772D-4E50-98AD-D11BCB034872}.Release|Any CPU.Build.0 = Release|Any CPU
	EndGlobalSection
	GlobalSection(SolutionProperties) = preSolution
		HideSolutionNode = FALSE
	EndGlobalSection
	GlobalSection(NestedProjects) = preSolution
		{BA8A6F56-0A07-4EBA-9232-C5AD86E91076} = {BC2C6E37-6FEA-48E7-AF14-E7573EF439A9}
		{9C17E867-DBB0-42D2-B8F7-3284216AE585} = {BC2C6E37-6FEA-48E7-AF14-E7573EF439A9}
	EndGlobalSection
	GlobalSection(ExtensibilityGlobals) = postSolution
		SolutionGuid = {8CFE2CB7-5745-4625-9E64-76839C4C6A69}
	EndGlobalSection
EndGlobal
